
Microsoft Visual Studio Solution File, Format Version 12.00
# Visual Studio Version 17
VisualStudioVersion = 17.14.36212.18 d17.14
MinimumVisualStudioVersion = 10.0.40219.1
Project("{FAE04EC0-301F-11D3-BF4B-00C04F79EFBC}") = "DiplomaProgram-RPZ", "DiplomaProgram-RPZ.csproj", "{8B9BAEA2-5518-4F49-960B-A3267D17466A}"
EndProject
Global
	GlobalSection(SolutionConfigurationPlatforms) = preSolution
		Debug|Any CPU = Debug|Any CPU
		Release|Any CPU = Release|Any CPU
	EndGlobalSection
	GlobalSection(ProjectConfigurationPlatforms) = postSolution
		{8B9BAEA2-5518-4F49-960B-A3267D17466A}.Debug|Any CPU.ActiveCfg = Debug|Any CPU
		{8B9BAEA2-5518-4F49-960B-A3267D17466A}.Debug|Any CPU.Build.0 = Debug|Any CPU
		{8B9BAEA2-5518-4F49-960B-A3267D17466A}.Release|Any CPU.ActiveCfg = Release|Any CPU
		{8B9BAEA2-5518-4F49-960B-A3267D17466A}.Release|Any CPU.Build.0 = Release|Any CPU
	EndGlobalSection
	GlobalSection(SolutionProperties) = preSolution
		HideSolutionNode = FALSE
	EndGlobalSection
	GlobalSection(ExtensibilityGlobals) = postSolution
		SolutionGuid = {EA07838A-E493-4BEB-962D-EC8C6466D71E}
	EndGlobalSection
EndGlobal
